
Microsoft Visual Studio Solution File, Format Version 12.00
# Visual Studio Version 17
VisualStudioVersion = 17.0.31903.59
MinimumVisualStudioVersion = 10.0.40219.1
Project("{FAE04EC0-301F-11D3-BF4B-00C04F79EFBC}") = "TaskManagementSolution", "TaskManagementSolution\TaskManagementSolution.csproj", "{360B5735-C034-401D-A81D-4FAF08352A6E}"
EndProject
Project("{FAE04EC0-301F-11D3-BF4B-00C04F79EFBC}") = "Persistence", "Persistence\Persistence.csproj", "{EBEA959A-733B-47B8-8E08-48EDA46FA96B}"
EndProject
Project("{FAE04EC0-301F-11D3-BF4B-00C04F79EFBC}") = "Domain", "Domain\Domain.csproj", "{223EEAED-D35B-419A-9FA8-ED4AF26DA71C}"
EndProject
Project("{FAE04EC0-301F-11D3-BF4B-00C04F79EFBC}") = "Application", "Application\Application.csproj", "{8AF9EC2F-66F6-4BFF-89F5-BCB88692ACCD}"
EndProject
Global
	GlobalSection(SolutionConfigurationPlatforms) = preSolution
		Debug|Any CPU = Debug|Any CPU
		Release|Any CPU = Release|Any CPU
	EndGlobalSection
	GlobalSection(SolutionProperties) = preSolution
		HideSolutionNode = FALSE
	EndGlobalSection
	GlobalSection(ProjectConfigurationPlatforms) = postSolution
		{360B5735-C034-401D-A81D-4FAF08352A6E}.Debug|Any CPU.ActiveCfg = Debug|Any CPU
		{360B5735-C034-401D-A81D-4FAF08352A6E}.Debug|Any CPU.Build.0 = Debug|Any CPU
		{360B5735-C034-401D-A81D-4FAF08352A6E}.Release|Any CPU.ActiveCfg = Release|Any CPU
		{360B5735-C034-401D-A81D-4FAF08352A6E}.Release|Any CPU.Build.0 = Release|Any CPU
		{EBEA959A-733B-47B8-8E08-48EDA46FA96B}.Debug|Any CPU.ActiveCfg = Debug|Any CPU
		{EBEA959A-733B-47B8-8E08-48EDA46FA96B}.Debug|Any CPU.Build.0 = Debug|Any CPU
		{EBEA959A-733B-47B8-8E08-48EDA46FA96B}.Release|Any CPU.ActiveCfg = Release|Any CPU
		{EBEA959A-733B-47B8-8E08-48EDA46FA96B}.Release|Any CPU.Build.0 = Release|Any CPU
		{223EEAED-D35B-419A-9FA8-ED4AF26DA71C}.Debug|Any CPU.ActiveCfg = Debug|Any CPU
		{223EEAED-D35B-419A-9FA8-ED4AF26DA71C}.Debug|Any CPU.Build.0 = Debug|Any CPU
		{223EEAED-D35B-419A-9FA8-ED4AF26DA71C}.Release|Any CPU.ActiveCfg = Release|Any CPU
		{223EEAED-D35B-419A-9FA8-ED4AF26DA71C}.Release|Any CPU.Build.0 = Release|Any CPU
		{8AF9EC2F-66F6-4BFF-89F5-BCB88692ACCD}.Debug|Any CPU.ActiveCfg = Debug|Any CPU
		{8AF9EC2F-66F6-4BFF-89F5-BCB88692ACCD}.Debug|Any CPU.Build.0 = Debug|Any CPU
		{8AF9EC2F-66F6-4BFF-89F5-BCB88692ACCD}.Release|Any CPU.ActiveCfg = Release|Any CPU
		{8AF9EC2F-66F6-4BFF-89F5-BCB88692ACCD}.Release|Any CPU.Build.0 = Release|Any CPU
	EndGlobalSection
EndGlobal
